
Microsoft Visual Studio Solution File, Format Version 12.00
# Visual Studio 15
VisualStudioVersion = 15.0.27004.2005
MinimumVisualStudioVersion = 10.0.40219.1
Project("{9A19103F-16F7-4668-BE54-9A1E7A4F7556}") = "SRAnalyzer", "SRAnalyzer\SRAnalyzer.csproj", "{A6385174-3353-4E86-B62C-4F76D1E99AEC}"
EndProject
Project("{9A19103F-16F7-4668-BE54-9A1E7A4F7556}") = "SRAnalyzerLibrary", "SRAnalyzerLibrary\SRAnalyzerLibrary.csproj", "{645184D5-EF95-4CC2-AF0D-E1BCBA0FC374}"
EndProject
Project("{FAE04EC0-301F-11D3-BF4B-00C04F79EFBC}") = "SrAnalyzerTests", "SrAnalyzerTests\SrAnalyzerTests.csproj", "{5987B4F3-D9F2-4C20-A2B9-10703BC28B4D}"
EndProject
Global
	GlobalSection(SolutionConfigurationPlatforms) = preSolution
		Debug|Any CPU = Debug|Any CPU
		Release|Any CPU = Release|Any CPU
	EndGlobalSection
	GlobalSection(ProjectConfigurationPlatforms) = postSolution
		{A6385174-3353-4E86-B62C-4F76D1E99AEC}.Debug|Any CPU.ActiveCfg = Debug|Any CPU
		{A6385174-3353-4E86-B62C-4F76D1E99AEC}.Debug|Any CPU.Build.0 = Debug|Any CPU
		{A6385174-3353-4E86-B62C-4F76D1E99AEC}.Release|Any CPU.ActiveCfg = Release|Any CPU
		{A6385174-3353-4E86-B62C-4F76D1E99AEC}.Release|Any CPU.Build.0 = Release|Any CPU
		{645184D5-EF95-4CC2-AF0D-E1BCBA0FC374}.Debug|Any CPU.ActiveCfg = Debug|Any CPU
		{645184D5-EF95-4CC2-AF0D-E1BCBA0FC374}.Debug|Any CPU.Build.0 = Debug|Any CPU
		{645184D5-EF95-4CC2-AF0D-E1BCBA0FC374}.Release|Any CPU.ActiveCfg = Release|Any CPU
		{645184D5-EF95-4CC2-AF0D-E1BCBA0FC374}.Release|Any CPU.Build.0 = Release|Any CPU
		{5987B4F3-D9F2-4C20-A2B9-10703BC28B4D}.Debug|Any CPU.ActiveCfg = Debug|Any CPU
		{5987B4F3-D9F2-4C20-A2B9-10703BC28B4D}.Debug|Any CPU.Build.0 = Debug|Any CPU
		{5987B4F3-D9F2-4C20-A2B9-10703BC28B4D}.Release|Any CPU.ActiveCfg = Release|Any CPU
		{5987B4F3-D9F2-4C20-A2B9-10703BC28B4D}.Release|Any CPU.Build.0 = Release|Any CPU
	EndGlobalSection
	GlobalSection(SolutionProperties) = preSolution
		HideSolutionNode = FALSE
	EndGlobalSection
	GlobalSection(ExtensibilityGlobals) = postSolution
		SolutionGuid = {D27C591A-B986-4F18-A8C0-8C665EE94D83}
	EndGlobalSection
EndGlobal
